
Microsoft Visual Studio Solution File, Format Version 12.00
# Visual Studio 15
VisualStudioVersion = 15.0.27703.2000
MinimumVisualStudioVersion = 10.0.40219.1
Project("{FAE04EC0-301F-11D3-BF4B-00C04F79EFBC}") = "AutoOffice", "AutoOffice\AutoOffice.csproj", "{87A0F3D3-74EB-4D06-BBC4-6F6C5168F517}"
EndProject
Global
	GlobalSection(SolutionConfigurationPlatforms) = preSolution
		Debug|Any CPU = Debug|Any CPU
		Release|Any CPU = Release|Any CPU
	EndGlobalSection
	GlobalSection(ProjectConfigurationPlatforms) = postSolution
		{87A0F3D3-74EB-4D06-BBC4-6F6C5168F517}.Debug|Any CPU.ActiveCfg = Debug|Any CPU
		{87A0F3D3-74EB-4D06-BBC4-6F6C5168F517}.Debug|Any CPU.Build.0 = Debug|Any CPU
		{87A0F3D3-74EB-4D06-BBC4-6F6C5168F517}.Release|Any CPU.ActiveCfg = Release|Any CPU
		{87A0F3D3-74EB-4D06-BBC4-6F6C5168F517}.Release|Any CPU.Build.0 = Release|Any CPU
	EndGlobalSection
	GlobalSection(SolutionProperties) = preSolution
		HideSolutionNode = FALSE
	EndGlobalSection
	GlobalSection(ExtensibilityGlobals) = postSolution
		SolutionGuid = {CB81EB8B-4B26-4C0F-869E-E3679E19E96B}
	EndGlobalSection
EndGlobal
